// !$*UTF8*$!
{
	archiveVersion = 1;
	classes = {
	};
	objectVersion = 46;
	objects = {

/* Begin PBXBuildFile section */
		A2AAFE8D1A6BCBC1009700DB /* main.m in Sources */ = {isa = PBXBuildFile; fileRef = A2AAFE8C1A6BCBC1009700DB /* main.m */; };
		A2AAFE901A6BCBC1009700DB /* AppDelegate.m in Sources */ = {isa = PBXBuildFile; fileRef = A2AAFE8F1A6BCBC1009700DB /* AppDelegate.m */; };
		A2AAFE931A6BCBC1009700DB /* FruitRSS.xcdatamodeld in Sources */ = {isa = PBXBuildFile; fileRef = A2AAFE911A6BCBC1009700DB /* FruitRSS.xcdatamodeld */; };
		A2AAFE961A6BCBC1009700DB /* ViewController.m in Sources */ = {isa = PBXBuildFile; fileRef = A2AAFE951A6BCBC1009700DB /* ViewController.m */; };
		A2AAFE991A6BCBC1009700DB /* Main.storyboard in Resources */ = {isa = PBXBuildFile; fileRef = A2AAFE971A6BCBC1009700DB /* Main.storyboard */; };
		A2AAFE9B1A6BCBC1009700DB /* Images.xcassets in Resources */ = {isa = PBXBuildFile; fileRef = A2AAFE9A1A6BCBC1009700DB /* Images.xcassets */; };
		A2AAFE9E1A6BCBC1009700DB /* LaunchScreen.xib in Resources */ = {isa = PBXBuildFile; fileRef = A2AAFE9C1A6BCBC1009700DB /* LaunchScreen.xib */; };
		A2AAFEAA1A6BCBC1009700DB /* FruitRSSTests.m in Sources */ = {isa = PBXBuildFile; fileRef = A2AAFEA91A6BCBC1009700DB /* FruitRSSTests.m */; };
/* End PBXBuildFile section */

/* Begin PBXContainerItemProxy section */
		A2AAFEA41A6BCBC1009700DB /* PBXContainerItemProxy */ = {
			isa = PBXContainerItemProxy;
			containerPortal = A2AAFE7F1A6BCBC1009700DB /* Project object */;
			proxyType = 1;
			remoteGlobalIDString = A2AAFE861A6BCBC1009700DB;
			remoteInfo = FruitRSS;
		};
/* End PBXContainerItemProxy section */

/* Begin PBXFileReference section */
		A2AAFE871A6BCBC1009700DB /* FruitRSS.app */ = {isa = PBXFileReference; explicitFileType = wrapper.application; includeInIndex = 0; path = FruitRSS.app; sourceTree = BUILT_PRODUCTS_DIR; };
		A2AAFE8B1A6BCBC1009700DB /* Info.plist */ = {isa = PBXFileReference; lastKnownFileType = text.plist.xml; path = Info.plist; sourceTree = "<group>"; };
		A2AAFE8C1A6BCBC1009700DB /* main.m */ = {isa = PBXFileReference; lastKnownFileType = sourcecode.c.objc; path = main.m; sourceTree = "<group>"; };
		A2AAFE8E1A6BCBC1009700DB /* AppDelegate.h */ = {isa = PBXFileReference; lastKnownFileType = sourcecode.c.h; path = AppDelegate.h; sourceTree = "<group>"; };
		A2AAFE8F1A6BCBC1009700DB /* AppDelegate.m */ = {isa = PBXFileReference; lastKnownFileType = sourcecode.c.objc; path = AppDelegate.m; sourceTree = "<group>"; };
		A2AAFE921A6BCBC1009700DB /* FruitRSS.xcdatamodel */ = {isa = PBXFileReference; lastKnownFileType = wrapper.xcdatamodel; path = FruitRSS.xcdatamodel; sourceTree = "<group>"; };
		A2AAFE941A6BCBC1009700DB /* ViewController.h */ = {isa = PBXFileReference; lastKnownFileType = sourcecode.c.h; path = ViewController.h; sourceTree = "<group>"; };
		A2AAFE951A6BCBC1009700DB /* ViewController.m */ = {isa = PBXFileReference; lastKnownFileType = sourcecode.c.objc; path = ViewController.m; sourceTree = "<group>"; };
		A2AAFE981A6BCBC1009700DB /* Base */ = {isa = PBXFileReference; lastKnownFileType = file.storyboard; name = Base; path = Base.lproj/Main.storyboard; sourceTree = "<group>"; };
		A2AAFE9A1A6BCBC1009700DB /* Images.xcassets */ = {isa = PBXFileReference; lastKnownFileType = folder.assetcatalog; path = Images.xcassets; sourceTree = "<group>"; };
		A2AAFE9D1A6BCBC1009700DB /* Base */ = {isa = PBXFileReference; lastKnownFileType = file.xib; name = Base; path = Base.lproj/LaunchScreen.xib; sourceTree = "<group>"; };
		A2AAFEA31A6BCBC1009700DB /* FruitRSSTests.xctest */ = {isa = PBXFileReference; explicitFileType = wrapper.cfbundle; includeInIndex = 0; path = FruitRSSTests.xctest; sourceTree = BUILT_PRODUCTS_DIR; };
		A2AAFEA81A6BCBC1009700DB /* Info.plist */ = {isa = PBXFileReference; lastKnownFileType = text.plist.xml; path = Info.plist; sourceTree = "<group>"; };
		A2AAFEA91A6BCBC1009700DB /* FruitRSSTests.m */ = {isa = PBXFileReference; lastKnownFileType = sourcecode.c.objc; path = FruitRSSTests.m; sourceTree = "<group>"; };
/* End PBXFileReference section */

/* Begin PBXFrameworksBuildPhase section */
		A2AAFE841A6BCBC1009700DB /* Frameworks */ = {
			isa = PBXFrameworksBuildPhase;
			buildActionMask = 2147483647;
			files = (
			);
			runOnlyForDeploymentPostprocessing = 0;
		};
		A2AAFEA01A6BCBC1009700DB /* Frameworks */ = {
			isa = PBXFrameworksBuildPhase;
			buildActionMask = 2147483647;
			files = (
			);
			runOnlyForDeploymentPostprocessing = 0;
		};
/* End PBXFrameworksBuildPhase section */

/* Begin PBXGroup section */
		A2AAFE7E1A6BCBC1009700DB = {
			isa = PBXGroup;
			children = (
				A2AAFE891A6BCBC1009700DB /* FruitRSS */,
				A2AAFEA61A6BCBC1009700DB /* FruitRSSTests */,
				A2AAFE881A6BCBC1009700DB /* Products */,
			);
			sourceTree = "<group>";
		};
		A2AAFE881A6BCBC1009700DB /* Products */ = {
			isa = PBXGroup;
			children = (
				A2AAFE871A6BCBC1009700DB /* FruitRSS.app */,
				A2AAFEA31A6BCBC1009700DB /* FruitRSSTests.xctest */,
			);
			name = Products;
			sourceTree = "<group>";
		};
		A2AAFE891A6BCBC1009700DB /* FruitRSS */ = {
			isa = PBXGroup;
			children = (
				A2AAFE8E1A6BCBC1009700DB /* AppDelegate.h */,
				A2AAFE8F1A6BCBC1009700DB /* AppDelegate.m */,
				A2AAFE941A6BCBC1009700DB /* ViewController.h */,
				A2AAFE951A6BCBC1009700DB /* ViewController.m */,
				A2AAFE971A6BCBC1009700DB /* Main.storyboard */,
				A2AAFE9A1A6BCBC1009700DB /* Images.xcassets */,
				A2AAFE9C1A6BCBC1009700DB /* LaunchScreen.xib */,
				A2AAFE911A6BCBC1009700DB /* FruitRSS.xcdatamodeld */,
				A2AAFE8A1A6BCBC1009700DB /* Supporting Files */,
			);
			path = FruitRSS;
			sourceTree = "<group>";
		};
		A2AAFE8A1A6BCBC1009700DB /* Supporting Files */ = {
			isa = PBXGroup;
			children = (
				A2AAFE8B1A6BCBC1009700DB /* Info.plist */,
				A2AAFE8C1A6BCBC1009700DB /* main.m */,
			);
			name = "Supporting Files";
			sourceTree = "<group>";
		};
		A2AAFEA61A6BCBC1009700DB /* FruitRSSTests */ = {
			isa = PBXGroup;
			children = (
				A2AAFEA91A6BCBC1009700DB /* FruitRSSTests.m */,
				A2AAFEA71A6BCBC1009700DB /* Supporting Files */,
			);
			path = FruitRSSTests;
			sourceTree = "<group>";
		};
		A2AAFEA71A6BCBC1009700DB /* Supporting Files */ = {
			isa = PBXGroup;
			children = (
				A2AAFEA81A6BCBC1009700DB /* Info.plist */,
			);
			name = "Supporting Files";
			sourceTree = "<group>";
		};
/* End PBXGroup section */

/* Begin PBXNativeTarget section */
		A2AAFE861A6BCBC1009700DB /* FruitRSS */ = {
			isa = PBXNativeTarget;
			buildConfigurationList = A2AAFEAD1A6BCBC1009700DB /* Build configuration list for PBXNativeTarget "FruitRSS" */;
			buildPhases = (
				A2AAFE831A6BCBC1009700DB /* Sources */,
				A2AAFE841A6BCBC1009700DB /* Frameworks */,
				A2AAFE851A6BCBC1009700DB /* Resources */,
			);
			buildRules = (
			);
			dependencies = (
			);
			name = FruitRSS;
			productName = FruitRSS;
			productReference = A2AAFE871A6BCBC1009700DB /* FruitRSS.app */;
			productType = "com.apple.product-type.application";
		};
		A2AAFEA21A6BCBC1009700DB /* FruitRSSTests */ = {
			isa = PBXNativeTarget;
			buildConfigurationList = A2AAFEB01A6BCBC1009700DB /* Build configuration list for PBXNativeTarget "FruitRSSTests" */;
			buildPhases = (
				A2AAFE9F1A6BCBC1009700DB /* Sources */,
				A2AAFEA01A6BCBC1009700DB /* Frameworks */,
				A2AAFEA11A6BCBC1009700DB /* Resources */,
			);
			buildRules = (
			);
			dependencies = (
				A2AAFEA51A6BCBC1009700DB /* PBXTargetDependency */,
			);
			name = FruitRSSTests;
			productName = FruitRSSTests;
			productReference = A2AAFEA31A6BCBC1009700DB /* FruitRSSTests.xctest */;
			productType = "com.apple.product-type.bundle.unit-test";
		};
/* End PBXNativeTarget section */

/* Begin PBXProject section */
		A2AAFE7F1A6BCBC1009700DB /* Project object */ = {
			isa = PBXProject;
			attributes = {
				LastUpgradeCheck = 0610;
				ORGANIZATIONNAME = AlexLesnenko;
				TargetAttributes = {
					A2AAFE861A6BCBC1009700DB = {
						CreatedOnToolsVersion = 6.1.1;
					};
					A2AAFEA21A6BCBC1009700DB = {
						CreatedOnToolsVersion = 6.1.1;
						TestTargetID = A2AAFE861A6BCBC1009700DB;
					};
				};
			};
			buildConfigurationList = A2AAFE821A6BCBC1009700DB /* Build configuration list for PBXProject "FruitRSS" */;
			compatibilityVersion = "Xcode 3.2";
			developmentRegion = English;
			hasScannedForEncodings = 0;
			knownRegions = (
				en,
				Base,
			);
			mainGroup = A2AAFE7E1A6BCBC1009700DB;
			productRefGroup = A2AAFE881A6BCBC1009700DB /* Products */;
			projectDirPath = "";
			projectRoot = "";
			targets = (
				A2AAFE861A6BCBC1009700DB /* FruitRSS */,
				A2AAFEA21A6BCBC1009700DB /* FruitRSSTests */,
			);
		};
/* End PBXProject section */

/* Begin PBXResourcesBuildPhase section */
		A2AAFE851A6BCBC1009700DB /* Resources */ = {
			isa = PBXResourcesBuildPhase;
			buildActionMask = 2147483647;
			files = (
				A2AAFE991A6BCBC1009700DB /* Main.storyboard in Resources */,
				A2AAFE9E1A6BCBC1009700DB /* LaunchScreen.xib in Resources */,
				A2AAFE9B1A6BCBC1009700DB /* Images.xcassets in Resources */,
			);
			runOnlyForDeploymentPostprocessing = 0;
		};
		A2AAFEA11A6BCBC1009700DB /* Resources */ = {
			isa = PBXResourcesBuildPhase;
			buildActionMask = 2147483647;
			files = (
			);
			runOnlyForDeploymentPostprocessing = 0;
		};
/* End PBXResourcesBuildPhase section */

/* Begin PBXSourcesBuildPhase section */
		A2AAFE831A6BCBC1009700DB /* Sources */ = {
			isa = PBXSourcesBuildPhase;
			buildActionMask = 2147483647;
			files = (
				A2AAFE901A6BCBC1009700DB /* AppDelegate.m in Sources */,
				A2AAFE8D1A6BCBC1009700DB /* main.m in Sources */,
				A2AAFE961A6BCBC1009700DB /* ViewController.m in Sources */,
				A2AAFE931A6BCBC1009700DB /* FruitRSS.xcdatamodeld in Sources */,
			);
			runOnlyForDeploymentPostprocessing = 0;
		};
		A2AAFE9F1A6BCBC1009700DB /* Sources */ = {
			isa = PBXSourcesBuildPhase;
			buildActionMask = 2147483647;
			files = (
				A2AAFEAA1A6BCBC1009700DB /* FruitRSSTests.m in Sources */,
			);
			runOnlyForDeploymentPostprocessing = 0;
		};
/* End PBXSourcesBuildPhase section */

/* Begin PBXTargetDependency section */
		A2AAFEA51A6BCBC1009700DB /* PBXTargetDependency */ = {
			isa = PBXTargetDependency;
			target = A2AAFE861A6BCBC1009700DB /* FruitRSS */;
			targetProxy = A2AAFEA41A6BCBC1009700DB /* PBXContainerItemProxy */;
		};
/* End PBXTargetDependency section */

/* Begin PBXVariantGroup section */
		A2AAFE971A6BCBC1009700DB /* Main.storyboard */ = {
			isa = PBXVariantGroup;
			children = (
				A2AAFE981A6BCBC1009700DB /* Base */,
			);
			name = Main.storyboard;
			sourceTree = "<group>";
		};
		A2AAFE9C1A6BCBC1009700DB /* LaunchScreen.xib */ = {
			isa = PBXVariantGroup;
			children = (
				A2AAFE9D1A6BCBC1009700DB /* Base */,
			);
			name = LaunchScreen.xib;
			sourceTree = "<group>";
		};
/* End PBXVariantGroup section */

/* Begin XCBuildConfiguration section */
		A2AAFEAB1A6BCBC1009700DB /* Debug */ = {
			isa = XCBuildConfiguration;
			buildSettings = {
				ALWAYS_SEARCH_USER_PATHS = NO;
				CLANG_CXX_LANGUAGE_STANDARD = "gnu++0x";
				CLANG_CXX_LIBRARY = "libc++";
				CLANG_ENABLE_MODULES = YES;
				CLANG_ENABLE_OBJC_ARC = YES;
				CLANG_WARN_BOOL_CONVERSION = YES;
				CLANG_WARN_CONSTANT_CONVERSION = YES;
				CLANG_WARN_DIRECT_OBJC_ISA_USAGE = YES_ERROR;
				CLANG_WARN_EMPTY_BODY = YES;
				CLANG_WARN_ENUM_CONVERSION = YES;
				CLANG_WARN_INT_CONVERSION = YES;
				CLANG_WARN_OBJC_ROOT_CLASS = YES_ERROR;
				CLANG_WARN_UNREACHABLE_CODE = YES;
				CLANG_WARN__DUPLICATE_METHOD_MATCH = YES;
				"CODE_SIGN_IDENTITY[sdk=iphoneos*]" = "iPhone Developer";
				COPY_PHASE_STRIP = NO;
				ENABLE_STRICT_OBJC_MSGSEND = YES;
				GCC_C_LANGUAGE_STANDARD = gnu99;
				GCC_DYNAMIC_NO_PIC = NO;
				GCC_OPTIMIZATION_LEVEL = 0;
				GCC_PREPROCESSOR_DEFINITIONS = (
					"DEBUG=1",
					"$(inherited)",
				);
				GCC_SYMBOLS_PRIVATE_EXTERN = NO;
				GCC_WARN_64_TO_32_BIT_CONVERSION = YES;
				GCC_WARN_ABOUT_RETURN_TYPE = YES_ERROR;
				GCC_WARN_UNDECLARED_SELECTOR = YES;
				GCC_WARN_UNINITIALIZED_AUTOS = YES_AGGRESSIVE;
				GCC_WARN_UNUSED_FUNCTION = YES;
				GCC_WARN_UNUSED_VARIABLE = YES;
				IPHONEOS_DEPLOYMENT_TARGET = 8.1;
				MTL_ENABLE_DEBUG_INFO = YES;
				ONLY_ACTIVE_ARCH = YES;
				SDKROOT = iphoneos;
			};
			name = Debug;
		};
		A2AAFEAC1A6BCBC1009700DB /* Release */ = {
			isa = XCBuildConfiguration;
			buildSettings = {
				ALWAYS_SEARCH_USER_PATHS = NO;
				CLANG_CXX_LANGUAGE_STANDARD = "gnu++0x";
				CLANG_CXX_LIBRARY = "libc++";
				CLANG_ENABLE_MODULES = YES;
				CLANG_ENABLE_OBJC_ARC = YES;
				CLANG_WARN_BOOL_CONVERSION = YES;
				CLANG_WARN_CONSTANT_CONVERSION = YES;
				CLANG_WARN_DIRECT_OBJC_ISA_USAGE = YES_ERROR;
				CLANG_WARN_EMPTY_BODY = YES;
				CLANG_WARN_ENUM_CONVERSION = YES;
				CLANG_WARN_INT_CONVERSION = YES;
				CLANG_WARN_OBJC_ROOT_CLASS = YES_ERROR;
				CLANG_WARN_UNREACHABLE_CODE = YES;
				CLANG_WARN__DUPLICATE_METHOD_MATCH = YES;
				"CODE_SIGN_IDENTITY[sdk=iphoneos*]" = "iPhone Developer";
				COPY_PHASE_STRIP = YES;
				ENABLE_NS_ASSERTIONS = NO;
				ENABLE_STRICT_OBJC_MSGSEND = YES;
				GCC_C_LANGUAGE_STANDARD = gnu99;
				GCC_WARN_64_TO_32_BIT_CONVERSION = YES;
				GCC_WARN_ABOUT_RETURN_TYPE = YES_ERROR;
				GCC_WARN_UNDECLARED_SELECTOR = YES;
				GCC_WARN_UNINITIALIZED_AUTOS = YES_AGGRESSIVE;
				GCC_WARN_UNUSED_FUNCTION = YES;
				GCC_WARN_UNUSED_VARIABLE = YES;
				IPHONEOS_DEPLOYMENT_TARGET = 8.1;
				MTL_ENABLE_DEBUG_INFO = NO;
				SDKROOT = iphoneos;
				VALIDATE_PRODUCT = YES;
			};
			name = Release;
		};
		A2AAFEAE1A6BCBC1009700DB /* Debug */ = {
			isa = XCBuildConfiguration;
			buildSettings = {
				ASSETCATALOG_COMPILER_APPICON_NAME = AppIcon;
				INFOPLIST_FILE = FruitRSS/Info.plist;
				LD_RUNPATH_SEARCH_PATHS = "$(inherited) @executable_path/Frameworks";
				PRODUCT_NAME = "$(TARGET_NAME)";
			};
			name = Debug;
		};
		A2AAFEAF1A6BCBC1009700DB /* Release */ = {
			isa = XCBuildConfiguration;
			buildSettings = {
				ASSETCATALOG_COMPILER_APPICON_NAME = AppIcon;
				INFOPLIST_FILE = FruitRSS/Info.plist;
				LD_RUNPATH_SEARCH_PATHS = "$(inherited) @executable_path/Frameworks";
				PRODUCT_NAME = "$(TARGET_NAME)";
			};
			name = Release;
		};
		A2AAFEB11A6BCBC1009700DB /* Debug */ = {
			isa = XCBuildConfiguration;
			buildSettings = {
				BUNDLE_LOADER = "$(TEST_HOST)";
				FRAMEWORK_SEARCH_PATHS = (
					"$(SDKROOT)/Developer/Library/Frameworks",
					"$(inherited)",
				);
				GCC_PREPROCESSOR_DEFINITIONS = (
					"DEBUG=1",
					"$(inherited)",
				);
				INFOPLIST_FILE = FruitRSSTests/Info.plist;
				LD_RUNPATH_SEARCH_PATHS = "$(inherited) @executable_path/Frameworks @loader_path/Frameworks";
				PRODUCT_NAME = "$(TARGET_NAME)";
				TEST_HOST = "$(BUILT_PRODUCTS_DIR)/FruitRSS.app/FruitRSS";
			};
			name = Debug;
		};
		A2AAFEB21A6BCBC1009700DB /* Release */ = {
			isa = XCBuildConfiguration;
			buildSettings = {
				BUNDLE_LOADER = "$(TEST_HOST)";
				FRAMEWORK_SEARCH_PATHS = (
					"$(SDKROOT)/Developer/Library/Frameworks",
					"$(inherited)",
				);
				INFOPLIST_FILE = FruitRSSTests/Info.plist;
				LD_RUNPATH_SEARCH_PATHS = "$(inherited) @executable_path/Frameworks @loader_path/Frameworks";
				PRODUCT_NAME = "$(TARGET_NAME)";
				TEST_HOST = "$(BUILT_PRODUCTS_DIR)/FruitRSS.app/FruitRSS";
			};
			name = Release;
		};
/* End XCBuildConfiguration section */

/* Begin XCConfigurationList section */
		A2AAFE821A6BCBC1009700DB /* Build configuration list for PBXProject "FruitRSS" */ = {
			isa = XCConfigurationList;
			buildConfigurations = (
				A2AAFEAB1A6BCBC1009700DB /* Debug */,
				A2AAFEAC1A6BCBC1009700DB /* Release */,
			);
			defaultConfigurationIsVisible = 0;
			defaultConfigurationName = Release;
		};
		A2AAFEAD1A6BCBC1009700DB /* Build configuration list for PBXNativeTarget "FruitRSS" */ = {
			isa = XCConfigurationList;
			buildConfigurations = (
				A2AAFEAE1A6BCBC1009700DB /* Debug */,
				A2AAFEAF1A6BCBC1009700DB /* Release */,
			);
			defaultConfigurationIsVisible = 0;
		};
		A2AAFEB01A6BCBC1009700DB /* Build configuration list for PBXNativeTarget "FruitRSSTests" */ = {
			isa = XCConfigurationList;
			buildConfigurations = (
				A2AAFEB11A6BCBC1009700DB /* Debug */,
				A2AAFEB21A6BCBC1009700DB /* Release */,
			);
			defaultConfigurationIsVisible = 0;
		};
/* End XCConfigurationList section */

/* Begin XCVersionGroup section */
		A2AAFE911A6BCBC1009700DB /* FruitRSS.xcdatamodeld */ = {
			isa = XCVersionGroup;
			children = (
				A2AAFE921A6BCBC1009700DB /* FruitRSS.xcdatamodel */,
			);
			currentVersion = A2AAFE921A6BCBC1009700DB /* FruitRSS.xcdatamodel */;
			path = FruitRSS.xcdatamodeld;
			sourceTree = "<group>";
			versionGroupType = wrapper.xcdatamodel;
		};
/* End XCVersionGroup section */
	};
	rootObject = A2AAFE7F1A6BCBC1009700DB /* Project object */;
}
